
Microsoft Visual Studio Solution File, Format Version 12.00
# Visual Studio 2017
Project("{FAE04EC0-301F-11D3-BF4B-00C04F79EFBC}") = "Cooles-Projekt-123", "Cooles-Projekt-123.csproj", "{44B67577-DC53-4AD4-3AB7-BA11BBD774F1}"
EndProject
Project("{FAE04EC0-301F-11D3-BF4B-00C04F79EFBC}") = "Cooles-Projekt-123.Plugins", "Cooles-Projekt-123.Plugins.csproj", "{3B9FED53-A329-74D5-177E-A1FE7317AFA8}"
EndProject
Project("{FAE04EC0-301F-11D3-BF4B-00C04F79EFBC}") = "Cooles-Projekt-123.Editor.Plugins", "Cooles-Projekt-123.Editor.Plugins.csproj", "{53A9BEA5-8124-B26C-4D79-B47D13EAEFF2}"
EndProject
Global
	GlobalSection(SolutionConfigurationPlatforms) = preSolution
		Debug|Any CPU = Debug|Any CPU
		Release|Any CPU = Release|Any CPU
	EndGlobalSection
	GlobalSection(ProjectConfigurationPlatforms) = postSolution
		{44B67577-DC53-4AD4-3AB7-BA11BBD774F1}.Debug|Any CPU.ActiveCfg = Debug|Any CPU
		{44B67577-DC53-4AD4-3AB7-BA11BBD774F1}.Debug|Any CPU.Build.0 = Debug|Any CPU
		{44B67577-DC53-4AD4-3AB7-BA11BBD774F1}.Release|Any CPU.ActiveCfg = Release|Any CPU
		{44B67577-DC53-4AD4-3AB7-BA11BBD774F1}.Release|Any CPU.Build.0 = Release|Any CPU
		{3B9FED53-A329-74D5-177E-A1FE7317AFA8}.Debug|Any CPU.ActiveCfg = Debug|Any CPU
		{3B9FED53-A329-74D5-177E-A1FE7317AFA8}.Debug|Any CPU.Build.0 = Debug|Any CPU
		{3B9FED53-A329-74D5-177E-A1FE7317AFA8}.Release|Any CPU.ActiveCfg = Release|Any CPU
		{3B9FED53-A329-74D5-177E-A1FE7317AFA8}.Release|Any CPU.Build.0 = Release|Any CPU
		{53A9BEA5-8124-B26C-4D79-B47D13EAEFF2}.Debug|Any CPU.ActiveCfg = Debug|Any CPU
		{53A9BEA5-8124-B26C-4D79-B47D13EAEFF2}.Debug|Any CPU.Build.0 = Debug|Any CPU
		{53A9BEA5-8124-B26C-4D79-B47D13EAEFF2}.Release|Any CPU.ActiveCfg = Release|Any CPU
		{53A9BEA5-8124-B26C-4D79-B47D13EAEFF2}.Release|Any CPU.Build.0 = Release|Any CPU
	EndGlobalSection
	GlobalSection(SolutionProperties) = preSolution
		HideSolutionNode = FALSE
	EndGlobalSection
EndGlobal
