
Microsoft Visual Studio Solution File, Format Version 11.00
# Visual Studio 2010
Project("{FAE04EC0-301F-11D3-BF4B-00C04F79EFBC}") = "Cooles-Projekt-123", "Assembly-CSharp.csproj", "{EBC29151-05D6-0330-3013-310F120AA793}"
EndProject
Project("{FAE04EC0-301F-11D3-BF4B-00C04F79EFBC}") = "Cooles-Projekt-123", "Assembly-CSharp-firstpass.csproj", "{65DBF5EF-5C1E-578E-FF2A-EE449CC84DE6}"
EndProject
Project("{FAE04EC0-301F-11D3-BF4B-00C04F79EFBC}") = "Cooles-Projekt-123", "Assembly-CSharp-Editor-firstpass.csproj", "{AA31E71E-0492-E09A-CD0D-18697CDAD15F}"
EndProject
Project("{FAE04EC0-301F-11D3-BF4B-00C04F79EFBC}") = "Cooles-Projekt-123", "Assembly-CSharp-Editor.csproj", "{077ED913-F80F-C7BB-B267-9E9AD5F4B28C}"
EndProject
Global
	GlobalSection(SolutionConfigurationPlatforms) = preSolution
		Debug|Any CPU = Debug|Any CPU
		Release|Any CPU = Release|Any CPU
	EndGlobalSection
	GlobalSection(ProjectConfigurationPlatforms) = postSolution
		{EBC29151-05D6-0330-3013-310F120AA793}.Debug|Any CPU.ActiveCfg = Debug|Any CPU
		{EBC29151-05D6-0330-3013-310F120AA793}.Debug|Any CPU.Build.0 = Debug|Any CPU
		{EBC29151-05D6-0330-3013-310F120AA793}.Release|Any CPU.ActiveCfg = Release|Any CPU
		{EBC29151-05D6-0330-3013-310F120AA793}.Release|Any CPU.Build.0 = Release|Any CPU
		{65DBF5EF-5C1E-578E-FF2A-EE449CC84DE6}.Debug|Any CPU.ActiveCfg = Debug|Any CPU
		{65DBF5EF-5C1E-578E-FF2A-EE449CC84DE6}.Debug|Any CPU.Build.0 = Debug|Any CPU
		{65DBF5EF-5C1E-578E-FF2A-EE449CC84DE6}.Release|Any CPU.ActiveCfg = Release|Any CPU
		{65DBF5EF-5C1E-578E-FF2A-EE449CC84DE6}.Release|Any CPU.Build.0 = Release|Any CPU
		{AA31E71E-0492-E09A-CD0D-18697CDAD15F}.Debug|Any CPU.ActiveCfg = Debug|Any CPU
		{AA31E71E-0492-E09A-CD0D-18697CDAD15F}.Debug|Any CPU.Build.0 = Debug|Any CPU
		{AA31E71E-0492-E09A-CD0D-18697CDAD15F}.Release|Any CPU.ActiveCfg = Release|Any CPU
		{AA31E71E-0492-E09A-CD0D-18697CDAD15F}.Release|Any CPU.Build.0 = Release|Any CPU
		{077ED913-F80F-C7BB-B267-9E9AD5F4B28C}.Debug|Any CPU.ActiveCfg = Debug|Any CPU
		{077ED913-F80F-C7BB-B267-9E9AD5F4B28C}.Debug|Any CPU.Build.0 = Debug|Any CPU
		{077ED913-F80F-C7BB-B267-9E9AD5F4B28C}.Release|Any CPU.ActiveCfg = Release|Any CPU
		{077ED913-F80F-C7BB-B267-9E9AD5F4B28C}.Release|Any CPU.Build.0 = Release|Any CPU
	EndGlobalSection
	GlobalSection(SolutionProperties) = preSolution
		HideSolutionNode = FALSE
	EndGlobalSection
	GlobalSection(MonoDevelopProperties) = preSolution
		StartupItem = Assembly-CSharp.csproj
	EndGlobalSection
EndGlobal
